
Microsoft Visual Studio Solution File, Format Version 12.00
# Visual Studio Version 17
VisualStudioVersion = 17.9.34728.123
MinimumVisualStudioVersion = 10.0.40219.1
Project("{9A19103F-16F7-4668-BE54-9A1E7A4F7556}") = "VictorifyApi", "VictorifyApi\VictorifyApi.csproj", "{821CB11D-89D8-4291-9002-6B0E6535F259}"
EndProject
Project("{E53339B2-1760-4266-BCC7-CA923CBCF16C}") = "docker-compose", "docker-compose.dcproj", "{B8939971-F618-4954-B30B-EB653C2EC526}"
EndProject
Global
	GlobalSection(SolutionConfigurationPlatforms) = preSolution
		Debug|Any CPU = Debug|Any CPU
		Release|Any CPU = Release|Any CPU
	EndGlobalSection
	GlobalSection(ProjectConfigurationPlatforms) = postSolution
		{821CB11D-89D8-4291-9002-6B0E6535F259}.Debug|Any CPU.ActiveCfg = Debug|Any CPU
		{821CB11D-89D8-4291-9002-6B0E6535F259}.Debug|Any CPU.Build.0 = Debug|Any CPU
		{821CB11D-89D8-4291-9002-6B0E6535F259}.Release|Any CPU.ActiveCfg = Release|Any CPU
		{821CB11D-89D8-4291-9002-6B0E6535F259}.Release|Any CPU.Build.0 = Release|Any CPU
		{B8939971-F618-4954-B30B-EB653C2EC526}.Debug|Any CPU.ActiveCfg = Debug|Any CPU
		{B8939971-F618-4954-B30B-EB653C2EC526}.Debug|Any CPU.Build.0 = Debug|Any CPU
		{B8939971-F618-4954-B30B-EB653C2EC526}.Release|Any CPU.ActiveCfg = Release|Any CPU
		{B8939971-F618-4954-B30B-EB653C2EC526}.Release|Any CPU.Build.0 = Release|Any CPU
	EndGlobalSection
	GlobalSection(SolutionProperties) = preSolution
		HideSolutionNode = FALSE
	EndGlobalSection
	GlobalSection(ExtensibilityGlobals) = postSolution
		SolutionGuid = {7A81A9A6-669B-4536-A6E5-94602F2DBF39}
	EndGlobalSection
EndGlobal
